
Microsoft Visual Studio Solution File, Format Version 12.00
# Visual Studio 15
VisualStudioVersion = 15.0.27130.2027
MinimumVisualStudioVersion = 10.0.40219.1
Project("{FAE04EC0-301F-11D3-BF4B-00C04F79EFBC}") = "App5.Android", "App5\App5.Android\App5.Android.csproj", "{412AFB95-C80D-4CD9-BA5F-5642FD6EAF10}"
EndProject
Project("{FAE04EC0-301F-11D3-BF4B-00C04F79EFBC}") = "App5", "App5\App5\App5.csproj", "{1C4D98AA-1E5A-484A-8380-E3FEEF8E8409}"
EndProject
Global
	GlobalSection(SolutionConfigurationPlatforms) = preSolution
		Debug|Any CPU = Debug|Any CPU
		Release|Any CPU = Release|Any CPU
	EndGlobalSection
	GlobalSection(ProjectConfigurationPlatforms) = postSolution
		{412AFB95-C80D-4CD9-BA5F-5642FD6EAF10}.Debug|Any CPU.ActiveCfg = Debug|Any CPU
		{412AFB95-C80D-4CD9-BA5F-5642FD6EAF10}.Debug|Any CPU.Build.0 = Debug|Any CPU
		{412AFB95-C80D-4CD9-BA5F-5642FD6EAF10}.Debug|Any CPU.Deploy.0 = Debug|Any CPU
		{412AFB95-C80D-4CD9-BA5F-5642FD6EAF10}.Release|Any CPU.ActiveCfg = Release|Any CPU
		{412AFB95-C80D-4CD9-BA5F-5642FD6EAF10}.Release|Any CPU.Build.0 = Release|Any CPU
		{412AFB95-C80D-4CD9-BA5F-5642FD6EAF10}.Release|Any CPU.Deploy.0 = Release|Any CPU
		{1C4D98AA-1E5A-484A-8380-E3FEEF8E8409}.Debug|Any CPU.ActiveCfg = Debug|Any CPU
		{1C4D98AA-1E5A-484A-8380-E3FEEF8E8409}.Debug|Any CPU.Build.0 = Debug|Any CPU
		{1C4D98AA-1E5A-484A-8380-E3FEEF8E8409}.Release|Any CPU.ActiveCfg = Release|Any CPU
		{1C4D98AA-1E5A-484A-8380-E3FEEF8E8409}.Release|Any CPU.Build.0 = Release|Any CPU
	EndGlobalSection
	GlobalSection(SolutionProperties) = preSolution
		HideSolutionNode = FALSE
	EndGlobalSection
	GlobalSection(ExtensibilityGlobals) = postSolution
		SolutionGuid = {80916D14-95E3-468D-B142-792B39020F84}
	EndGlobalSection
EndGlobal
